dependencies:
- name: iam-web
  repository: file://charts/iam-web
  version: 0.1.0
- name: iam-facade
  repository: file://charts/iam-facade
  version: 0.1.0
- name: iam-data
  repository: file://charts/iam-data
  version: 0.1.0
- name: redis
  repository: https://charts.bitnami.com/bitnami
  version: 17.0.8
- name: mysql
  repository: https://charts.bitnami.com/bitnami
  version: 9.2.5
- name: postgresql
  repository: https://charts.bitnami.com/bitnami
  version: 11.6.25
- name: kafka
  repository: https://charts.bitnami.com/bitnami
  version: 18.0.7
- name: zookeeper
  repository: https://charts.bitnami.com/bitnami
  version: 10.0.6
- name: mongodb
  repository: https://charts.bitnami.com/bitnami
  version: 12.1.31
- name: elasticsearch
  repository: https://charts.bitnami.com/bitnami
  version: 19.1.7
- name: solr
  repository: https://charts.bitnami.com/bitnami
  version: 6.0.6
- name: cassandra
  repository: https://charts.bitnami.com/bitnami
  version: 9.2.11
- name: minio
  repository: https://charts.bitnami.com/bitnami
  version: 11.7.18
digest: sha256:0881d6b3fabc14d27ae636c15c892721d7c9b972724b1b9c953a3a79b56044bb
generated: "2022-08-08T17:20:20.693082822+08:00"
